
Microsoft Visual Studio Solution File, Format Version 12.00
# Visual Studio 14
VisualStudioVersion = 14.0.23107.0
MinimumVisualStudioVersion = 10.0.40219.1
Project("{FAE04EC0-301F-11D3-BF4B-00C04F79EFBC}") = "PMS", "PMS\PMS.csproj", "{34388823-98ED-47B3-B3D0-C88DA22FA286}"
EndProject
Project("{FAE04EC0-301F-11D3-BF4B-00C04F79EFBC}") = "PMS.Tests", "PMS.Tests\PMS.Tests.csproj", "{4FD59AFD-AB1A-427A-9855-9D9AC8E89E6E}"
EndProject
Project("{FAE04EC0-301F-11D3-BF4B-00C04F79EFBC}") = "PMS.Data", "PMS.Data\PMS.Data.csproj", "{7D0B2CF3-D067-400C-AB7E-9EEFDCB7026D}"
EndProject
Project("{FAE04EC0-301F-11D3-BF4B-00C04F79EFBC}") = "PMS.Logic", "PMS.Logic\PMS.Logic.csproj", "{D2351220-BA0D-4983-803E-6FEBBA0BE238}"
EndProject
Global
	GlobalSection(SolutionConfigurationPlatforms) = preSolution
		Debug|Any CPU = Debug|Any CPU
		Release|Any CPU = Release|Any CPU
	EndGlobalSection
	GlobalSection(ProjectConfigurationPlatforms) = postSolution
		{34388823-98ED-47B3-B3D0-C88DA22FA286}.Debug|Any CPU.ActiveCfg = Debug|Any CPU
		{34388823-98ED-47B3-B3D0-C88DA22FA286}.Debug|Any CPU.Build.0 = Debug|Any CPU
		{34388823-98ED-47B3-B3D0-C88DA22FA286}.Release|Any CPU.ActiveCfg = Release|Any CPU
		{34388823-98ED-47B3-B3D0-C88DA22FA286}.Release|Any CPU.Build.0 = Release|Any CPU
		{4FD59AFD-AB1A-427A-9855-9D9AC8E89E6E}.Debug|Any CPU.ActiveCfg = Debug|Any CPU
		{4FD59AFD-AB1A-427A-9855-9D9AC8E89E6E}.Debug|Any CPU.Build.0 = Debug|Any CPU
		{4FD59AFD-AB1A-427A-9855-9D9AC8E89E6E}.Release|Any CPU.ActiveCfg = Release|Any CPU
		{4FD59AFD-AB1A-427A-9855-9D9AC8E89E6E}.Release|Any CPU.Build.0 = Release|Any CPU
		{7D0B2CF3-D067-400C-AB7E-9EEFDCB7026D}.Debug|Any CPU.ActiveCfg = Debug|Any CPU
		{7D0B2CF3-D067-400C-AB7E-9EEFDCB7026D}.Debug|Any CPU.Build.0 = Debug|Any CPU
		{7D0B2CF3-D067-400C-AB7E-9EEFDCB7026D}.Release|Any CPU.ActiveCfg = Release|Any CPU
		{7D0B2CF3-D067-400C-AB7E-9EEFDCB7026D}.Release|Any CPU.Build.0 = Release|Any CPU
		{D2351220-BA0D-4983-803E-6FEBBA0BE238}.Debug|Any CPU.ActiveCfg = Debug|Any CPU
		{D2351220-BA0D-4983-803E-6FEBBA0BE238}.Debug|Any CPU.Build.0 = Debug|Any CPU
		{D2351220-BA0D-4983-803E-6FEBBA0BE238}.Release|Any CPU.ActiveCfg = Release|Any CPU
		{D2351220-BA0D-4983-803E-6FEBBA0BE238}.Release|Any CPU.Build.0 = Release|Any CPU
	EndGlobalSection
	GlobalSection(SolutionProperties) = preSolution
		HideSolutionNode = FALSE
	EndGlobalSection
EndGlobal
